// !$*UTF8*$!
{
	archiveVersion = 1;
	classes = {
	};
	objectVersion = 55;
	objects = {

/* Begin PBXBuildFile section */
		68221C5921400EB600C67EF9 /* AppDelegate.swift in Sources */ = {isa = PBXBuildFile; fileRef = 68221C5821400EB600C67EF9 /* AppDelegate.swift */; };
		68221C5B21400EB600C67EF9 /* ViewController.swift in Sources */ = {isa = PBXBuildFile; fileRef = 68221C5A21400EB600C67EF9 /* ViewController.swift */; };
		68221C5E21400EB600C67EF9 /* Main.storyboard in Resources */ = {isa = PBXBuildFile; fileRef = 68221C5C21400EB600C67EF9 /* Main.storyboard */; };
		68221C6021400EBC00C67EF9 /* Assets.xcassets in Resources */ = {isa = PBXBuildFile; fileRef = 68221C5F21400EBC00C67EF9 /* Assets.xcassets */; };
		68221C6321400EBC00C67EF9 /* LaunchScreen.storyboard in Resources */ = {isa = PBXBuildFile; fileRef = 68221C6121400EBC00C67EF9 /* LaunchScreen.storyboard */; };
/* End PBXBuildFile section */

/* Begin PBXFileReference section */
		68221C5521400EB600C67EF9 /* GMCflip.app */ = {isa = PBXFileReference; explicitFileType = wrapper.application; includeInIndex = 0; path = GMCflip.app; sourceTree = BUILT_PRODUCTS_DIR; };
		68221C5821400EB600C67EF9 /* AppDelegate.swift */ = {isa = PBXFileReference; lastKnownFileType = sourcecode.swift; path = AppDelegate.swift; sourceTree = "<group>"; };
		68221C5A21400EB600C67EF9 /* ViewController.swift */ = {isa = PBXFileReference; lastKnownFileType = sourcecode.swift; path = ViewController.swift; sourceTree = "<group>"; };
		68221C5D21400EB600C67EF9 /* Base */ = {isa = PBXFileReference; lastKnownFileType = file.storyboard; name = Base; path = Base.lproj/Main.storyboard; sourceTree = "<group>"; };
		68221C5F21400EBC00C67EF9 /* Assets.xcassets */ = {isa = PBXFileReference; lastKnownFileType = folder.assetcatalog; path = Assets.xcassets; sourceTree = "<group>"; };
		68221C6221400EBC00C67EF9 /* Base */ = {isa = PBXFileReference; lastKnownFileType = file.storyboard; name = Base; path = Base.lproj/LaunchScreen.storyboard; sourceTree = "<group>"; };
		68221C6421400EBC00C67EF9 /* Info.plist */ = {isa = PBXFileReference; lastKnownFileType = text.plist.xml; path = Info.plist; sourceTree = "<group>"; };
/* End PBXFileReference section */

/* Begin PBXFrameworksBuildPhase section */
		68221C5221400EB600C67EF9 /* Frameworks */ = {
			isa = PBXFrameworksBuildPhase;
			buildActionMask = 2147483647;
			files = (
			);
			runOnlyForDeploymentPostprocessing = 0;
		};
/* End PBXFrameworksBuildPhase section */

/* Begin PBXGroup section */
		68221C4C21400EB600C67EF9 = {
			isa = PBXGroup;
			children = (
				68221C5721400EB600C67EF9 /* GMCflip */,
				68221C5621400EB600C67EF9 /* Products */,
			);
			sourceTree = "<group>";
		};
		68221C5621400EB600C67EF9 /* Products */ = {
			isa = PBXGroup;
			children = (
				68221C5521400EB600C67EF9 /* GMCflip.app */,
			);
			name = Products;
			sourceTree = "<group>";
		};
		68221C5721400EB600C67EF9 /* GMCflip */ = {
			isa = PBXGroup;
			children = (
				68221C5821400EB600C67EF9 /* AppDelegate.swift */,
				68221C5A21400EB600C67EF9 /* ViewController.swift */,
				68221C5C21400EB600C67EF9 /* Main.storyboard */,
				68221C5F21400EBC00C67EF9 /* Assets.xcassets */,
				68221C6121400EBC00C67EF9 /* LaunchScreen.storyboard */,
				68221C6421400EBC00C67EF9 /* Info.plist */,
			);
			path = GMCflip;
			sourceTree = "<group>";
		};
/* End PBXGroup section */

/* Begin PBXNativeTarget section */
		68221C5421400EB600C67EF9 /* GMCflip */ = {
			isa = PBXNativeTarget;
			buildConfigurationList = 68221C6721400EBC00C67EF9 /* Build configuration list for PBXNativeTarget "GMCflip" */;
			buildPhases = (
				68221C5121400EB600C67EF9 /* Sources */,
				68221C5221400EB600C67EF9 /* Frameworks */,
				68221C5321400EB600C67EF9 /* Resources */,
			);
			buildRules = (
			);
			dependencies = (
			);
			name = GMCflip;
			productName = GMCflip;
			productReference = 68221C5521400EB600C67EF9 /* GMCflip.app */;
			productType = "com.apple.product-type.application";
		};
/* End PBXNativeTarget section */

/* Begin PBXProject section */
		68221C4D21400EB600C67EF9 /* Project object */ = {
			isa = PBXProject;
			attributes = {
				LastSwiftUpdateCheck = 0940;
				LastUpgradeCheck = 1310;
				ORGANIZATIONNAME = "Matsui Keiji";
				TargetAttributes = {
					68221C5421400EB600C67EF9 = {
						CreatedOnToolsVersion = 9.4.1;
						LastSwiftMigration = 1310;
					};
				};
			};
			buildConfigurationList = 68221C5021400EB600C67EF9 /* Build configuration list for PBXProject "GMCflip" */;
			compatibilityVersion = "Xcode 13.0";
			developmentRegion = en;
			hasScannedForEncodings = 0;
			knownRegions = (
				en,
				Base,
			);
			mainGroup = 68221C4C21400EB600C67EF9;
			productRefGroup = 68221C5621400EB600C67EF9 /* Products */;
			projectDirPath = "";
			projectRoot = "";
			targets = (
				68221C5421400EB600C67EF9 /* GMCflip */,
			);
		};
/* End PBXProject section */

/* Begin PBXResourcesBuildPhase section */
		68221C5321400EB600C67EF9 /* Resources */ = {
			isa = PBXResourcesBuildPhase;
			buildActionMask = 2147483647;
			files = (
				68221C6321400EBC00C67EF9 /* LaunchScreen.storyboard in Resources */,
				68221C6021400EBC00C67EF9 /* Assets.xcassets in Resources */,
				68221C5E21400EB600C67EF9 /* Main.storyboard in Resources */,
			);
			runOnlyForDeploymentPostprocessing = 0;
		};
/* End PBXResourcesBuildPhase section */

/* Begin PBXSourcesBuildPhase section */
		68221C5121400EB600C67EF9 /* Sources */ = {
			isa = PBXSourcesBuildPhase;
			buildActionMask = 2147483647;
			files = (
				68221C5B21400EB600C67EF9 /* ViewController.swift in Sources */,
				68221C5921400EB600C67EF9 /* AppDelegate.swift in Sources */,
			);
			runOnlyForDeploymentPostprocessing = 0;
		};
/* End PBXSourcesBuildPhase section */

/* Begin PBXVariantGroup section */
		68221C5C21400EB600C67EF9 /* Main.storyboard */ = {
			isa = PBXVariantGroup;
			children = (
				68221C5D21400EB600C67EF9 /* Base */,
			);
			name = Main.storyboard;
			sourceTree = "<group>";
		};
		68221C6121400EBC00C67EF9 /* LaunchScreen.storyboard */ = {
			isa = PBXVariantGroup;
			children = (
				68221C6221400EBC00C67EF9 /* Base */,
			);
			name = LaunchScreen.storyboard;
			sourceTree = "<group>";
		};
/* End PBXVariantGroup section */

/* Begin XCBuildConfiguration section */
		68221C6521400EBC00C67EF9 /* Debug */ = {
			isa = XCBuildConfiguration;
			buildSettings = {
				ALWAYS_SEARCH_USER_PATHS = NO;
				CLANG_ANALYZER_NONNULL = YES;
				CLANG_ANALYZER_NUMBER_OBJECT_CONVERSION = YES_AGGRESSIVE;
				CLANG_CXX_LANGUAGE_STANDARD = "gnu++14";
				CLANG_CXX_LIBRARY = "libc++";
				CLANG_ENABLE_MODULES = YES;
				CLANG_ENABLE_OBJC_ARC = YES;
				CLANG_ENABLE_OBJC_WEAK = YES;
				CLANG_WARN_BLOCK_CAPTURE_AUTORELEASING = YES;
				CLANG_WARN_BOOL_CONVERSION = YES;
				CLANG_WARN_COMMA = YES;
				CLANG_WARN_CONSTANT_CONVERSION = YES;
				CLANG_WARN_DEPRECATED_OBJC_IMPLEMENTATIONS = YES;
				CLANG_WARN_DIRECT_OBJC_ISA_USAGE = YES_ERROR;
				CLANG_WARN_DOCUMENTATION_COMMENTS = YES;
				CLANG_WARN_EMPTY_BODY = YES;
				CLANG_WARN_ENUM_CONVERSION = YES;
				CLANG_WARN_INFINITE_RECURSION = YES;
				CLANG_WARN_INT_CONVERSION = YES;
				CLANG_WARN_NON_LITERAL_NULL_CONVERSION = YES;
				CLANG_WARN_OBJC_IMPLICIT_RETAIN_SELF = YES;
				CLANG_WARN_OBJC_LITERAL_CONVERSION = YES;
				CLANG_WARN_OBJC_ROOT_CLASS = YES_ERROR;
				CLANG_WARN_QUOTED_INCLUDE_IN_FRAMEWORK_HEADER = YES;
				CLANG_WARN_RANGE_LOOP_ANALYSIS = YES;
				CLANG_WARN_STRICT_PROTOTYPES = YES;
				CLANG_WARN_SUSPICIOUS_MOVE = YES;
				CLANG_WARN_UNGUARDED_AVAILABILITY = YES_AGGRESSIVE;
				CLANG_WARN_UNREACHABLE_CODE = YES;
				CLANG_WARN__DUPLICATE_METHOD_MATCH = YES;
				CODE_SIGN_IDENTITY = "iPhone Developer";
				COPY_PHASE_STRIP = NO;
				DEBUG_INFORMATION_FORMAT = dwarf;
				ENABLE_STRICT_OBJC_MSGSEND = YES;
				ENABLE_TESTABILITY = YES;
				GCC_C_LANGUAGE_STANDARD = gnu11;
				GCC_DYNAMIC_NO_PIC = NO;
				GCC_NO_COMMON_BLOCKS = YES;
				GCC_OPTIMIZATION_LEVEL = 0;
				GCC_PREPROCESSOR_DEFINITIONS = (
					"DEBUG=1",
					"$(inherited)",
				);
				GCC_WARN_64_TO_32_BIT_CONVERSION = YES;
				GCC_WARN_ABOUT_RETURN_TYPE = YES_ERROR;
				GCC_WARN_UNDECLARED_SELECTOR = YES;
				GCC_WARN_UNINITIALIZED_AUTOS = YES_AGGRESSIVE;
				GCC_WARN_UNUSED_FUNCTION = YES;
				GCC_WARN_UNUSED_VARIABLE = YES;
				IPHONEOS_DEPLOYMENT_TARGET = 12.0;
				MTL_ENABLE_DEBUG_INFO = YES;
				ONLY_ACTIVE_ARCH = YES;
				SDKROOT = iphoneos;
				SWIFT_ACTIVE_COMPILATION_CONDITIONS = DEBUG;
				SWIFT_OPTIMIZATION_LEVEL = "-Onone";
			};
			name = Debug;
		};
		68221C6621400EBC00C67EF9 /* Release */ = {
			isa = XCBuildConfiguration;
			buildSettings = {
				ALWAYS_SEARCH_USER_PATHS = NO;
				CLANG_ANALYZER_NONNULL = YES;
				CLANG_ANALYZER_NUMBER_OBJECT_CONVERSION = YES_AGGRESSIVE;
				CLANG_CXX_LANGUAGE_STANDARD = "gnu++14";
				CLANG_CXX_LIBRARY = "libc++";
				CLANG_ENABLE_MODULES = YES;
				CLANG_ENABLE_OBJC_ARC = YES;
				CLANG_ENABLE_OBJC_WEAK = YES;
				CLANG_WARN_BLOCK_CAPTURE_AUTORELEASING = YES;
				CLANG_WARN_BOOL_CONVERSION = YES;
				CLANG_WARN_COMMA = YES;
				CLANG_WARN_CONSTANT_CONVERSION = YES;
				CLANG_WARN_DEPRECATED_OBJC_IMPLEMENTATIONS = YES;
				CLANG_WARN_DIRECT_OBJC_ISA_USAGE = YES_ERROR;
				CLANG_WARN_DOCUMENTATION_COMMENTS = YES;
				CLANG_WARN_EMPTY_BODY = YES;
				CLANG_WARN_ENUM_CONVERSION = YES;
				CLANG_WARN_INFINITE_RECURSION = YES;
				CLANG_WARN_INT_CONVERSION = YES;
				CLANG_WARN_NON_LITERAL_NULL_CONVERSION = YES;
				CLANG_WARN_OBJC_IMPLICIT_RETAIN_SELF = YES;
				CLANG_WARN_OBJC_LITERAL_CONVERSION = YES;
				CLANG_WARN_OBJC_ROOT_CLASS = YES_ERROR;
				CLANG_WARN_QUOTED_INCLUDE_IN_FRAMEWORK_HEADER = YES;
				CLANG_WARN_RANGE_LOOP_ANALYSIS = YES;
				CLANG_WARN_STRICT_PROTOTYPES = YES;
				CLANG_WARN_SUSPICIOUS_MOVE = YES;
				CLANG_WARN_UNGUARDED_AVAILABILITY = YES_AGGRESSIVE;
				CLANG_WARN_UNREACHABLE_CODE = YES;
				CLANG_WARN__DUPLICATE_METHOD_MATCH = YES;
				CODE_SIGN_IDENTITY = "iPhone Developer";
				COPY_PHASE_STRIP = NO;
				DEBUG_INFORMATION_FORMAT = "dwarf-with-dsym";
				ENABLE_NS_ASSERTIONS = NO;
				ENABLE_STRICT_OBJC_MSGSEND = YES;
				GCC_C_LANGUAGE_STANDARD = gnu11;
				GCC_NO_COMMON_BLOCKS = YES;
				GCC_WARN_64_TO_32_BIT_CONVERSION = YES;
				GCC_WARN_ABOUT_RETURN_TYPE = YES_ERROR;
				GCC_WARN_UNDECLARED_SELECTOR = YES;
				GCC_WARN_UNINITIALIZED_AUTOS = YES_AGGRESSIVE;
				GCC_WARN_UNUSED_FUNCTION = YES;
				GCC_WARN_UNUSED_VARIABLE = YES;
				IPHONEOS_DEPLOYMENT_TARGET = 12.0;
				MTL_ENABLE_DEBUG_INFO = NO;
				SDKROOT = iphoneos;
				SWIFT_COMPILATION_MODE = wholemodule;
				SWIFT_OPTIMIZATION_LEVEL = "-O";
				VALIDATE_PRODUCT = YES;
			};
			name = Release;
		};
		68221C6821400EBC00C67EF9 /* Debug */ = {
			isa = XCBuildConfiguration;
			buildSettings = {
				ASSETCATALOG_COMPILER_APPICON_NAME = AppIcon;
				CODE_SIGN_IDENTITY = "iPhone Developer";
				CODE_SIGN_STYLE = Manual;
				DEVELOPMENT_TEAM = 7GW64MW9FF;
				INFOPLIST_FILE = GMCflip/Info.plist;
				IPHONEOS_DEPLOYMENT_TARGET = 12.0;
				LD_RUNPATH_SEARCH_PATHS = (
					"$(inherited)",
					"@executable_path/Frameworks",
				);
				PRODUCT_BUNDLE_IDENTIFIER = 44E82DG69P.GMCflip;
				PRODUCT_NAME = "$(TARGET_NAME)";
				PROVISIONING_PROFILE = "56313140-3dbc-4174-bfed-4ac5fb0d81db";
				PROVISIONING_PROFILE_SPECIFIER = PP180907GMCflip;
				SWIFT_VERSION = 5.0;
				TARGETED_DEVICE_FAMILY = 1;
			};
			name = Debug;
		};
		68221C6921400EBC00C67EF9 /* Release */ = {
			isa = XCBuildConfiguration;
			buildSettings = {
				ASSETCATALOG_COMPILER_APPICON_NAME = AppIcon;
				CODE_SIGN_IDENTITY = "iPhone Distribution";
				CODE_SIGN_STYLE = Manual;
				DEVELOPMENT_TEAM = 7GW64MW9FF;
				INFOPLIST_FILE = GMCflip/Info.plist;
				IPHONEOS_DEPLOYMENT_TARGET = 12.0;
				LD_RUNPATH_SEARCH_PATHS = (
					"$(inherited)",
					"@executable_path/Frameworks",
				);
				PRODUCT_BUNDLE_IDENTIFIER = 44E82DG69P.GMCflip;
				PRODUCT_NAME = "$(TARGET_NAME)";
				PROVISIONING_PROFILE = "069ed7b8-0b7d-4a41-b39e-f3e3be62f879";
				PROVISIONING_PROFILE_SPECIFIER = DP180907GMCflip;
				SWIFT_VERSION = 5.0;
				TARGETED_DEVICE_FAMILY = 1;
			};
			name = Release;
		};
/* End XCBuildConfiguration section */

/* Begin XCConfigurationList section */
		68221C5021400EB600C67EF9 /* Build configuration list for PBXProject "GMCflip" */ = {
			isa = XCConfigurationList;
			buildConfigurations = (
				68221C6521400EBC00C67EF9 /* Debug */,
				68221C6621400EBC00C67EF9 /* Release */,
			);
			defaultConfigurationIsVisible = 0;
			defaultConfigurationName = Release;
		};
		68221C6721400EBC00C67EF9 /* Build configuration list for PBXNativeTarget "GMCflip" */ = {
			isa = XCConfigurationList;
			buildConfigurations = (
				68221C6821400EBC00C67EF9 /* Debug */,
				68221C6921400EBC00C67EF9 /* Release */,
			);
			defaultConfigurationIsVisible = 0;
			defaultConfigurationName = Release;
		};
/* End XCConfigurationList section */
	};
	rootObject = 68221C4D21400EB600C67EF9 /* Project object */;
}
